
Microsoft Visual Studio Solution File, Format Version 12.00
# Visual Studio Version 16
VisualStudioVersion = 16.0.30114.105
MinimumVisualStudioVersion = 10.0.40219.1
Project("{2150E333-8FDC-42A3-9474-1A3956D46DE8}") = "repo", "repo", "{4BE04DE2-6E39-4855-87E3-74CEAD0FEF89}"
	ProjectSection(SolutionItems) = preProject
		..\LICENSE = ..\LICENSE
		..\README.md = ..\README.md
	EndProjectSection
EndProject
Project("{2150E333-8FDC-42A3-9474-1A3956D46DE8}") = "src", "src", "{CCA5AEB9-01A1-4981-9350-82149FEF5A23}"
	ProjectSection(SolutionItems) = preProject
		common.targets = common.targets
	EndProjectSection
EndProject
Project("{FAE04EC0-301F-11D3-BF4B-00C04F79EFBC}") = "Rejuvena.QoL.HappinessRemoval", "Rejuvena.QoL.HappinessRemoval\Rejuvena.QoL.HappinessRemoval.csproj", "{734B5952-1855-4199-94AC-DA8A90F2559C}"
EndProject
Project("{2150E333-8FDC-42A3-9474-1A3956D46DE8}") = "qol", "qol", "{74D92CD6-425D-4E8D-ABFC-84343897C408}"
EndProject
Project("{2150E333-8FDC-42A3-9474-1A3956D46DE8}") = "gimmick", "gimmick", "{01C75B44-D863-4672-ABD6-21349599DFA3}"
EndProject
Project("{FAE04EC0-301F-11D3-BF4B-00C04F79EFBC}") = "Rejuvena.Gimmick.RecipeShuffler", "Rejuvena.Gimmick.RecipeShuffler\Rejuvena.Gimmick.RecipeShuffler.csproj", "{67E27F25-307D-4A6C-8A54-F25587F8892C}"
EndProject
Global
	GlobalSection(SolutionConfigurationPlatforms) = preSolution
		Debug|Any CPU = Debug|Any CPU
		Release|Any CPU = Release|Any CPU
	EndGlobalSection
	GlobalSection(SolutionProperties) = preSolution
		HideSolutionNode = FALSE
	EndGlobalSection
	GlobalSection(NestedProjects) = preSolution
		{74D92CD6-425D-4E8D-ABFC-84343897C408} = {CCA5AEB9-01A1-4981-9350-82149FEF5A23}
		{734B5952-1855-4199-94AC-DA8A90F2559C} = {74D92CD6-425D-4E8D-ABFC-84343897C408}
		{01C75B44-D863-4672-ABD6-21349599DFA3} = {CCA5AEB9-01A1-4981-9350-82149FEF5A23}
		{67E27F25-307D-4A6C-8A54-F25587F8892C} = {01C75B44-D863-4672-ABD6-21349599DFA3}
	EndGlobalSection
	GlobalSection(ProjectConfigurationPlatforms) = postSolution
		{734B5952-1855-4199-94AC-DA8A90F2559C}.Debug|Any CPU.ActiveCfg = Debug|Any CPU
		{734B5952-1855-4199-94AC-DA8A90F2559C}.Debug|Any CPU.Build.0 = Debug|Any CPU
		{734B5952-1855-4199-94AC-DA8A90F2559C}.Release|Any CPU.ActiveCfg = Release|Any CPU
		{734B5952-1855-4199-94AC-DA8A90F2559C}.Release|Any CPU.Build.0 = Release|Any CPU
		{67E27F25-307D-4A6C-8A54-F25587F8892C}.Debug|Any CPU.ActiveCfg = Debug|Any CPU
		{67E27F25-307D-4A6C-8A54-F25587F8892C}.Debug|Any CPU.Build.0 = Debug|Any CPU
		{67E27F25-307D-4A6C-8A54-F25587F8892C}.Release|Any CPU.ActiveCfg = Release|Any CPU
		{67E27F25-307D-4A6C-8A54-F25587F8892C}.Release|Any CPU.Build.0 = Release|Any CPU
	EndGlobalSection
EndGlobal
